
Microsoft Visual Studio Solution File, Format Version 12.00
# Visual Studio Version 16
VisualStudioVersion = 16.0.30907.101
MinimumVisualStudioVersion = 10.0.40219.1
Project("{FAE04EC0-301F-11D3-BF4B-00C04F79EFBC}") = "PublicAPI", "PublicAPI\PublicAPI.csproj", "{4D4936A6-E014-4EBB-837B-6F1BD064689F}"
EndProject
Global
	GlobalSection(SolutionConfigurationPlatforms) = preSolution
		Debug|Any CPU = Debug|Any CPU
		Release|Any CPU = Release|Any CPU
	EndGlobalSection
	GlobalSection(ProjectConfigurationPlatforms) = postSolution
		{4D4936A6-E014-4EBB-837B-6F1BD064689F}.Debug|Any CPU.ActiveCfg = Debug|Any CPU
		{4D4936A6-E014-4EBB-837B-6F1BD064689F}.Debug|Any CPU.Build.0 = Debug|Any CPU
		{4D4936A6-E014-4EBB-837B-6F1BD064689F}.Release|Any CPU.ActiveCfg = Release|Any CPU
		{4D4936A6-E014-4EBB-837B-6F1BD064689F}.Release|Any CPU.Build.0 = Release|Any CPU
	EndGlobalSection
	GlobalSection(SolutionProperties) = preSolution
		HideSolutionNode = FALSE
	EndGlobalSection
	GlobalSection(ExtensibilityGlobals) = postSolution
		SolutionGuid = {38711D41-B13F-4AE6-B330-FDF86E848840}
	EndGlobalSection
EndGlobal
